
Microsoft Visual Studio Solution File, Format Version 12.00
# Visual Studio Version 17
VisualStudioVersion = 17.0.31903.59
MinimumVisualStudioVersion = 10.0.40219.1
Project("{FAE04EC0-301F-11D3-BF4B-00C04F79EFBC}") = "API", "API\API.csproj", "{F3EDCF8A-E282-4E81-BDF8-D7CFDD7CA114}"
EndProject
Project("{FAE04EC0-301F-11D3-BF4B-00C04F79EFBC}") = "Persistence", "Persistence\Persistence.csproj", "{15CF1464-D85A-4D6B-9915-0B3C16A33D99}"
EndProject
Project("{FAE04EC0-301F-11D3-BF4B-00C04F79EFBC}") = "Application", "Application\Application.csproj", "{2234DDE0-EE99-41EA-99A9-C61F020644BC}"
EndProject
Project("{FAE04EC0-301F-11D3-BF4B-00C04F79EFBC}") = "Domain", "Domain\Domain.csproj", "{084EDEA4-E8FC-4E30-950A-F04C8D25CA7F}"
EndProject
Global
	GlobalSection(SolutionConfigurationPlatforms) = preSolution
		Debug|Any CPU = Debug|Any CPU
		Debug|x64 = Debug|x64
		Debug|x86 = Debug|x86
		Release|Any CPU = Release|Any CPU
		Release|x64 = Release|x64
		Release|x86 = Release|x86
	EndGlobalSection
	GlobalSection(ProjectConfigurationPlatforms) = postSolution
		{F3EDCF8A-E282-4E81-BDF8-D7CFDD7CA114}.Debug|Any CPU.ActiveCfg = Debug|Any CPU
		{F3EDCF8A-E282-4E81-BDF8-D7CFDD7CA114}.Debug|Any CPU.Build.0 = Debug|Any CPU
		{F3EDCF8A-E282-4E81-BDF8-D7CFDD7CA114}.Debug|x64.ActiveCfg = Debug|Any CPU
		{F3EDCF8A-E282-4E81-BDF8-D7CFDD7CA114}.Debug|x64.Build.0 = Debug|Any CPU
		{F3EDCF8A-E282-4E81-BDF8-D7CFDD7CA114}.Debug|x86.ActiveCfg = Debug|Any CPU
		{F3EDCF8A-E282-4E81-BDF8-D7CFDD7CA114}.Debug|x86.Build.0 = Debug|Any CPU
		{F3EDCF8A-E282-4E81-BDF8-D7CFDD7CA114}.Release|Any CPU.ActiveCfg = Release|Any CPU
		{F3EDCF8A-E282-4E81-BDF8-D7CFDD7CA114}.Release|Any CPU.Build.0 = Release|Any CPU
		{F3EDCF8A-E282-4E81-BDF8-D7CFDD7CA114}.Release|x64.ActiveCfg = Release|Any CPU
		{F3EDCF8A-E282-4E81-BDF8-D7CFDD7CA114}.Release|x64.Build.0 = Release|Any CPU
		{F3EDCF8A-E282-4E81-BDF8-D7CFDD7CA114}.Release|x86.ActiveCfg = Release|Any CPU
		{F3EDCF8A-E282-4E81-BDF8-D7CFDD7CA114}.Release|x86.Build.0 = Release|Any CPU
		{15CF1464-D85A-4D6B-9915-0B3C16A33D99}.Debug|Any CPU.ActiveCfg = Debug|Any CPU
		{15CF1464-D85A-4D6B-9915-0B3C16A33D99}.Debug|Any CPU.Build.0 = Debug|Any CPU
		{15CF1464-D85A-4D6B-9915-0B3C16A33D99}.Debug|x64.ActiveCfg = Debug|Any CPU
		{15CF1464-D85A-4D6B-9915-0B3C16A33D99}.Debug|x64.Build.0 = Debug|Any CPU
		{15CF1464-D85A-4D6B-9915-0B3C16A33D99}.Debug|x86.ActiveCfg = Debug|Any CPU
		{15CF1464-D85A-4D6B-9915-0B3C16A33D99}.Debug|x86.Build.0 = Debug|Any CPU
		{15CF1464-D85A-4D6B-9915-0B3C16A33D99}.Release|Any CPU.ActiveCfg = Release|Any CPU
		{15CF1464-D85A-4D6B-9915-0B3C16A33D99}.Release|Any CPU.Build.0 = Release|Any CPU
		{15CF1464-D85A-4D6B-9915-0B3C16A33D99}.Release|x64.ActiveCfg = Release|Any CPU
		{15CF1464-D85A-4D6B-9915-0B3C16A33D99}.Release|x64.Build.0 = Release|Any CPU
		{15CF1464-D85A-4D6B-9915-0B3C16A33D99}.Release|x86.ActiveCfg = Release|Any CPU
		{15CF1464-D85A-4D6B-9915-0B3C16A33D99}.Release|x86.Build.0 = Release|Any CPU
		{2234DDE0-EE99-41EA-99A9-C61F020644BC}.Debug|Any CPU.ActiveCfg = Debug|Any CPU
		{2234DDE0-EE99-41EA-99A9-C61F020644BC}.Debug|Any CPU.Build.0 = Debug|Any CPU
		{2234DDE0-EE99-41EA-99A9-C61F020644BC}.Debug|x64.ActiveCfg = Debug|Any CPU
		{2234DDE0-EE99-41EA-99A9-C61F020644BC}.Debug|x64.Build.0 = Debug|Any CPU
		{2234DDE0-EE99-41EA-99A9-C61F020644BC}.Debug|x86.ActiveCfg = Debug|Any CPU
		{2234DDE0-EE99-41EA-99A9-C61F020644BC}.Debug|x86.Build.0 = Debug|Any CPU
		{2234DDE0-EE99-41EA-99A9-C61F020644BC}.Release|Any CPU.ActiveCfg = Release|Any CPU
		{2234DDE0-EE99-41EA-99A9-C61F020644BC}.Release|Any CPU.Build.0 = Release|Any CPU
		{2234DDE0-EE99-41EA-99A9-C61F020644BC}.Release|x64.ActiveCfg = Release|Any CPU
		{2234DDE0-EE99-41EA-99A9-C61F020644BC}.Release|x64.Build.0 = Release|Any CPU
		{2234DDE0-EE99-41EA-99A9-C61F020644BC}.Release|x86.ActiveCfg = Release|Any CPU
		{2234DDE0-EE99-41EA-99A9-C61F020644BC}.Release|x86.Build.0 = Release|Any CPU
		{084EDEA4-E8FC-4E30-950A-F04C8D25CA7F}.Debug|Any CPU.ActiveCfg = Debug|Any CPU
		{084EDEA4-E8FC-4E30-950A-F04C8D25CA7F}.Debug|Any CPU.Build.0 = Debug|Any CPU
		{084EDEA4-E8FC-4E30-950A-F04C8D25CA7F}.Debug|x64.ActiveCfg = Debug|Any CPU
		{084EDEA4-E8FC-4E30-950A-F04C8D25CA7F}.Debug|x64.Build.0 = Debug|Any CPU
		{084EDEA4-E8FC-4E30-950A-F04C8D25CA7F}.Debug|x86.ActiveCfg = Debug|Any CPU
		{084EDEA4-E8FC-4E30-950A-F04C8D25CA7F}.Debug|x86.Build.0 = Debug|Any CPU
		{084EDEA4-E8FC-4E30-950A-F04C8D25CA7F}.Release|Any CPU.ActiveCfg = Release|Any CPU
		{084EDEA4-E8FC-4E30-950A-F04C8D25CA7F}.Release|Any CPU.Build.0 = Release|Any CPU
		{084EDEA4-E8FC-4E30-950A-F04C8D25CA7F}.Release|x64.ActiveCfg = Release|Any CPU
		{084EDEA4-E8FC-4E30-950A-F04C8D25CA7F}.Release|x64.Build.0 = Release|Any CPU
		{084EDEA4-E8FC-4E30-950A-F04C8D25CA7F}.Release|x86.ActiveCfg = Release|Any CPU
		{084EDEA4-E8FC-4E30-950A-F04C8D25CA7F}.Release|x86.Build.0 = Release|Any CPU
	EndGlobalSection
	GlobalSection(SolutionProperties) = preSolution
		HideSolutionNode = FALSE
	EndGlobalSection
EndGlobal
