
Microsoft Visual Studio Solution File, Format Version 12.00
# Visual Studio Version 17
VisualStudioVersion = 17.5.002.0
MinimumVisualStudioVersion = 10.0.40219.1
Project("{9A19103F-16F7-4668-BE54-9A1E7A4F7556}") = "API", "API.csproj", "{A7EF2D47-22D4-4DC9-858A-9845A6B14810}"
EndProject
Global
	GlobalSection(SolutionConfigurationPlatforms) = preSolution
		Debug|Any CPU = Debug|Any CPU
		Release|Any CPU = Release|Any CPU
	EndGlobalSection
	GlobalSection(ProjectConfigurationPlatforms) = postSolution
		{A7EF2D47-22D4-4DC9-858A-9845A6B14810}.Debug|Any CPU.ActiveCfg = Debug|Any CPU
		{A7EF2D47-22D4-4DC9-858A-9845A6B14810}.Debug|Any CPU.Build.0 = Debug|Any CPU
		{A7EF2D47-22D4-4DC9-858A-9845A6B14810}.Release|Any CPU.ActiveCfg = Release|Any CPU
		{A7EF2D47-22D4-4DC9-858A-9845A6B14810}.Release|Any CPU.Build.0 = Release|Any CPU
	EndGlobalSection
	GlobalSection(SolutionProperties) = preSolution
		HideSolutionNode = FALSE
	EndGlobalSection
	GlobalSection(ExtensibilityGlobals) = postSolution
		SolutionGuid = {EE9266E8-20A7-4C4C-8E52-E1AB76F05F61}
	EndGlobalSection
EndGlobal
